{
  "name": "paddlelicensing",
  "version": "1.0.0",
  "lockfileVersion": 1,
  "requires": true,
  "dependencies": {
    "crypto": {
      "version": "1.0.1",
      "resolved": "https://registry.npmjs.org/crypto/-/crypto-1.0.1.tgz",
      "integrity": "sha512-VxBKmeNcqQdiUQUW2Tzq0t377b54N2bMtXO/qiLa+6eRRmmC4qT3D4OnTGoT/U6O9aklQ/jTwbOtRMTTY8G0Ig=="
    },
    "php-serialize": {
      "version": "4.0.2",
      "resolved": "https://registry.npmjs.org/php-serialize/-/php-serialize-4.0.2.tgz",
      "integrity": "sha512-73K9MqCnRn07sXxOht6kVLg+fg1lf/VYpecKy4n9ABcw1PJIAWfaxuQKML27EjolGHWxlXTy3rfh59AGrcUvIA=="
    },
    "uuid": {
      "version": "8.3.2",
      "resolved": "https://registry.npmjs.org/uuid/-/uuid-8.3.2.tgz",
      "integrity": "sha512-+NYs2QeMWy+GWFOEm9xnn6HCDp0l7QBD7ml8zLUmJ+93Q5NF0NocErnwkTkXVFNiX3/fpC6afS8Dhb/gz7R7eg=="
    },
    "verify-paddle-webhook": {
      "version": "1.0.0",
      "resolved": "https://registry.npmjs.org/verify-paddle-webhook/-/verify-paddle-webhook-1.0.0.tgz",
      "integrity": "sha512-rg/ehw+0bAb6Y6aov7HbmGKEmDqE44B3rG64fA/Ync+SgaArWfTJWnA/g4Wd+J+sZDB6U/kIa6h4ELzCeP08xA==",
      "requires": {
        "php-serialize": "^4.0.2"
      }
    }
  }
}
